// !$*UTF8*$!
{
	archiveVersion = 1;
	classes = {
	};
	objectVersion = 50;
	objects = {

/* Begin PBXBuildFile section */
		144E5C057E0A8B26AB60B713 /* libPods-JumpingTracker.a in Frameworks */ = {isa = PBXBuildFile; fileRef = 2A44C3FA37843284B49D4756 /* libPods-JumpingTracker.a */; };
		B60E66D920C36F28008901C1 /* UserMode.swift in Sources */ = {isa = PBXBuildFile; fileRef = B60E66D820C36F27008901C1 /* UserMode.swift */; };
		B60E66DB20C47978008901C1 /* DisciplineMode.swift in Sources */ = {isa = PBXBuildFile; fileRef = B60E66DA20C47978008901C1 /* DisciplineMode.swift */; };
		B60E66DE20C4A230008901C1 /* DataRequest.swift in Sources */ = {isa = PBXBuildFile; fileRef = B60E66DD20C4A230008901C1 /* DataRequest.swift */; };
		B60E66E020C60715008901C1 /* Horse.swift in Sources */ = {isa = PBXBuildFile; fileRef = B60E66DF20C60715008901C1 /* Horse.swift */; };
		B60E66E220C60E94008901C1 /* HorseDetailViewController.swift in Sources */ = {isa = PBXBuildFile; fileRef = B60E66E120C60E94008901C1 /* HorseDetailViewController.swift */; };
		B60E66E620C6199D008901C1 /* SearchFooter.swift in Sources */ = {isa = PBXBuildFile; fileRef = B60E66E520C6199C008901C1 /* SearchFooter.swift */; };
		B68EE2D820BD5B0B008C2FC5 /* AppDelegate.swift in Sources */ = {isa = PBXBuildFile; fileRef = B68EE2D720BD5B0B008C2FC5 /* AppDelegate.swift */; };
		B68EE2DA20BD5B0B008C2FC5 /* HomeViewController.swift in Sources */ = {isa = PBXBuildFile; fileRef = B68EE2D920BD5B0B008C2FC5 /* HomeViewController.swift */; };
		B68EE2DC20BD5B0B008C2FC5 /* EventsViewController.swift in Sources */ = {isa = PBXBuildFile; fileRef = B68EE2DB20BD5B0B008C2FC5 /* EventsViewController.swift */; };
		B68EE2DF20BD5B0C008C2FC5 /* Main.storyboard in Resources */ = {isa = PBXBuildFile; fileRef = B68EE2DD20BD5B0C008C2FC5 /* Main.storyboard */; };
		B68EE2E120BD5B22008C2FC5 /* Assets.xcassets in Resources */ = {isa = PBXBuildFile; fileRef = B68EE2E020BD5B22008C2FC5 /* Assets.xcassets */; };
		B68EE2E420BD5B22008C2FC5 /* LaunchScreen.storyboard in Resources */ = {isa = PBXBuildFile; fileRef = B68EE2E220BD5B22008C2FC5 /* LaunchScreen.storyboard */; };
		B68EE2ED20BD5EA6008C2FC5 /* UIColor+Hex.swift in Sources */ = {isa = PBXBuildFile; fileRef = B68EE2EB20BD5EA5008C2FC5 /* UIColor+Hex.swift */; };
		B68EE2EE20BD5EA6008C2FC5 /* UIColor+FlatColors.swift in Sources */ = {isa = PBXBuildFile; fileRef = B68EE2EC20BD5EA6008C2FC5 /* UIColor+FlatColors.swift */; };
		B68EE2F020BD5EBE008C2FC5 /* ConnectionCheck.swift in Sources */ = {isa = PBXBuildFile; fileRef = B68EE2EF20BD5EBD008C2FC5 /* ConnectionCheck.swift */; };
		B68EE2F220BD5FBB008C2FC5 /* EventsTableCells.swift in Sources */ = {isa = PBXBuildFile; fileRef = B68EE2F120BD5FBB008C2FC5 /* EventsTableCells.swift */; };
		B68EE2F420BD6E7F008C2FC5 /* EventMode.swift in Sources */ = {isa = PBXBuildFile; fileRef = B68EE2F320BD6E7F008C2FC5 /* EventMode.swift */; };
		B68EE2FA20BF5B37008C2FC5 /* HorseMode.swift in Sources */ = {isa = PBXBuildFile; fileRef = B68EE2F920BF5B37008C2FC5 /* HorseMode.swift */; };
		B68EE2FC20BF6077008C2FC5 /* StudbookMode.swift in Sources */ = {isa = PBXBuildFile; fileRef = B68EE2FB20BF6077008C2FC5 /* StudbookMode.swift */; };
		B68EE2FE20BF6165008C2FC5 /* HorsesViewController.swift in Sources */ = {isa = PBXBuildFile; fileRef = B68EE2FD20BF6165008C2FC5 /* HorsesViewController.swift */; };
		B68EE30020BF64AB008C2FC5 /* HorseTableCells.swift in Sources */ = {isa = PBXBuildFile; fileRef = B68EE2FF20BF64AB008C2FC5 /* HorseTableCells.swift */; };
		B68EE30220C02AC1008C2FC5 /* YearMode.swift in Sources */ = {isa = PBXBuildFile; fileRef = B68EE30120C02AC1008C2FC5 /* YearMode.swift */; };
		B68EE30420C04F60008C2FC5 /* LiveEventsViewController.swift in Sources */ = {isa = PBXBuildFile; fileRef = B68EE30320C04F60008C2FC5 /* LiveEventsViewController.swift */; };
		B68EE30820C20C6A008C2FC5 /* Snippets in Resources */ = {isa = PBXBuildFile; fileRef = B68EE30720C20C6A008C2FC5 /* Snippets */; };
		B68EE30A20C34C6E008C2FC5 /* KeychainPasswordItem.swift in Sources */ = {isa = PBXBuildFile; fileRef = B68EE30920C34C6E008C2FC5 /* KeychainPasswordItem.swift */; };
		B698860B20CB3D07002AFFC1 /* AddFavoriteHorseViewController.swift in Sources */ = {isa = PBXBuildFile; fileRef = B698860A20CB3D07002AFFC1 /* AddFavoriteHorseViewController.swift */; };
		B698860E20CB6CA6002AFFC1 /* dataModel.xcdatamodeld in Sources */ = {isa = PBXBuildFile; fileRef = B698860C20CB6CA6002AFFC1 /* dataModel.xcdatamodeld */; };
/* End PBXBuildFile section */

/* Begin PBXFileReference section */
		2A44C3FA37843284B49D4756 /* libPods-JumpingTracker.a */ = {isa = PBXFileReference; explicitFileType = archive.ar; includeInIndex = 0; path = "libPods-JumpingTracker.a"; sourceTree = BUILT_PRODUCTS_DIR; };
		72394C6F6C6DAF05D8EDF212 /* Pods-JumpingTracker.debug.xcconfig */ = {isa = PBXFileReference; includeInIndex = 1; lastKnownFileType = text.xcconfig; name = "Pods-JumpingTracker.debug.xcconfig"; path = "Pods/Target Support Files/Pods-JumpingTracker/Pods-JumpingTracker.debug.xcconfig"; sourceTree = "<group>"; };
		B60E66D820C36F27008901C1 /* UserMode.swift */ = {isa = PBXFileReference; lastKnownFileType = sourcecode.swift; path = UserMode.swift; sourceTree = "<group>"; };
		B60E66DA20C47978008901C1 /* DisciplineMode.swift */ = {isa = PBXFileReference; lastKnownFileType = sourcecode.swift; path = DisciplineMode.swift; sourceTree = "<group>"; };
		B60E66DD20C4A230008901C1 /* DataRequest.swift */ = {isa = PBXFileReference; lastKnownFileType = sourcecode.swift; path = DataRequest.swift; sourceTree = "<group>"; };
		B60E66DF20C60715008901C1 /* Horse.swift */ = {isa = PBXFileReference; lastKnownFileType = sourcecode.swift; path = Horse.swift; sourceTree = "<group>"; };
		B60E66E120C60E94008901C1 /* HorseDetailViewController.swift */ = {isa = PBXFileReference; lastKnownFileType = sourcecode.swift; path = HorseDetailViewController.swift; sourceTree = "<group>"; };
		B60E66E520C6199C008901C1 /* SearchFooter.swift */ = {isa = PBXFileReference; lastKnownFileType = sourcecode.swift; path = SearchFooter.swift; sourceTree = "<group>"; };
		B68EE2D420BD5B0B008C2FC5 /* JumpingTracker.app */ = {isa = PBXFileReference; explicitFileType = wrapper.application; includeInIndex = 0; path = JumpingTracker.app; sourceTree = BUILT_PRODUCTS_DIR; };
		B68EE2D720BD5B0B008C2FC5 /* AppDelegate.swift */ = {isa = PBXFileReference; lastKnownFileType = sourcecode.swift; path = AppDelegate.swift; sourceTree = "<group>"; };
		B68EE2D920BD5B0B008C2FC5 /* HomeViewController.swift */ = {isa = PBXFileReference; lastKnownFileType = sourcecode.swift; path = HomeViewController.swift; sourceTree = "<group>"; };
		B68EE2DB20BD5B0B008C2FC5 /* EventsViewController.swift */ = {isa = PBXFileReference; lastKnownFileType = sourcecode.swift; path = EventsViewController.swift; sourceTree = "<group>"; };
		B68EE2DE20BD5B0C008C2FC5 /* Base */ = {isa = PBXFileReference; lastKnownFileType = file.storyboard; name = Base; path = Base.lproj/Main.storyboard; sourceTree = "<group>"; };
		B68EE2E020BD5B22008C2FC5 /* Assets.xcassets */ = {isa = PBXFileReference; lastKnownFileType = folder.assetcatalog; path = Assets.xcassets; sourceTree = "<group>"; };
		B68EE2E320BD5B22008C2FC5 /* Base */ = {isa = PBXFileReference; lastKnownFileType = file.storyboard; name = Base; path = Base.lproj/LaunchScreen.storyboard; sourceTree = "<group>"; };
		B68EE2E520BD5B23008C2FC5 /* Info.plist */ = {isa = PBXFileReference; lastKnownFileType = text.plist.xml; path = Info.plist; sourceTree = "<group>"; };
		B68EE2EB20BD5EA5008C2FC5 /* UIColor+Hex.swift */ = {isa = PBXFileReference; fileEncoding = 4; lastKnownFileType = sourcecode.swift; path = "UIColor+Hex.swift"; sourceTree = "<group>"; };
		B68EE2EC20BD5EA6008C2FC5 /* UIColor+FlatColors.swift */ = {isa = PBXFileReference; fileEncoding = 4; lastKnownFileType = sourcecode.swift; path = "UIColor+FlatColors.swift"; sourceTree = "<group>"; };
		B68EE2EF20BD5EBD008C2FC5 /* ConnectionCheck.swift */ = {isa = PBXFileReference; fileEncoding = 4; lastKnownFileType = sourcecode.swift; path = ConnectionCheck.swift; sourceTree = "<group>"; };
		B68EE2F120BD5FBB008C2FC5 /* EventsTableCells.swift */ = {isa = PBXFileReference; lastKnownFileType = sourcecode.swift; path = EventsTableCells.swift; sourceTree = "<group>"; };
		B68EE2F320BD6E7F008C2FC5 /* EventMode.swift */ = {isa = PBXFileReference; lastKnownFileType = sourcecode.swift; path = EventMode.swift; sourceTree = "<group>"; };
		B68EE2F920BF5B37008C2FC5 /* HorseMode.swift */ = {isa = PBXFileReference; lastKnownFileType = sourcecode.swift; path = HorseMode.swift; sourceTree = "<group>"; };
		B68EE2FB20BF6077008C2FC5 /* StudbookMode.swift */ = {isa = PBXFileReference; lastKnownFileType = sourcecode.swift; path = StudbookMode.swift; sourceTree = "<group>"; };
		B68EE2FD20BF6165008C2FC5 /* HorsesViewController.swift */ = {isa = PBXFileReference; lastKnownFileType = sourcecode.swift; path = HorsesViewController.swift; sourceTree = "<group>"; };
		B68EE2FF20BF64AB008C2FC5 /* HorseTableCells.swift */ = {isa = PBXFileReference; lastKnownFileType = sourcecode.swift; path = HorseTableCells.swift; sourceTree = "<group>"; };
		B68EE30120C02AC1008C2FC5 /* YearMode.swift */ = {isa = PBXFileReference; lastKnownFileType = sourcecode.swift; path = YearMode.swift; sourceTree = "<group>"; };
		B68EE30320C04F60008C2FC5 /* LiveEventsViewController.swift */ = {isa = PBXFileReference; lastKnownFileType = sourcecode.swift; path = LiveEventsViewController.swift; sourceTree = "<group>"; };
		B68EE30720C20C6A008C2FC5 /* Snippets */ = {isa = PBXFileReference; lastKnownFileType = text; path = Snippets; sourceTree = "<group>"; };
		B68EE30920C34C6E008C2FC5 /* KeychainPasswordItem.swift */ = {isa = PBXFileReference; lastKnownFileType = sourcecode.swift; path = KeychainPasswordItem.swift; sourceTree = "<group>"; };
		B698860A20CB3D07002AFFC1 /* AddFavoriteHorseViewController.swift */ = {isa = PBXFileReference; lastKnownFileType = sourcecode.swift; path = AddFavoriteHorseViewController.swift; sourceTree = "<group>"; };
		B698860D20CB6CA6002AFFC1 /* dataModel.xcdatamodel */ = {isa = PBXFileReference; lastKnownFileType = wrapper.xcdatamodel; path = dataModel.xcdatamodel; sourceTree = "<group>"; };
		ECA3DB9B5F8F20F4BD1CAB00 /* Pods-JumpingTracker.release.xcconfig */ = {isa = PBXFileReference; includeInIndex = 1; lastKnownFileType = text.xcconfig; name = "Pods-JumpingTracker.release.xcconfig"; path = "Pods/Target Support Files/Pods-JumpingTracker/Pods-JumpingTracker.release.xcconfig"; sourceTree = "<group>"; };
/* End PBXFileReference section */

/* Begin PBXFrameworksBuildPhase section */
		B68EE2D120BD5B0B008C2FC5 /* Frameworks */ = {
			isa = PBXFrameworksBuildPhase;
			buildActionMask = 2147483647;
			files = (
				144E5C057E0A8B26AB60B713 /* libPods-JumpingTracker.a in Frameworks */,
			);
			runOnlyForDeploymentPostprocessing = 0;
		};
/* End PBXFrameworksBuildPhase section */

/* Begin PBXGroup section */
		11DC35AA738ECFD2B7940D2A /* Pods */ = {
			isa = PBXGroup;
			children = (
				72394C6F6C6DAF05D8EDF212 /* Pods-JumpingTracker.debug.xcconfig */,
				ECA3DB9B5F8F20F4BD1CAB00 /* Pods-JumpingTracker.release.xcconfig */,
			);
			name = Pods;
			sourceTree = "<group>";
		};
		9AD35BE9C3189B103E12BCD6 /* Frameworks */ = {
			isa = PBXGroup;
			children = (
				2A44C3FA37843284B49D4756 /* libPods-JumpingTracker.a */,
			);
			name = Frameworks;
			sourceTree = "<group>";
		};
		B60E66DC20C479C6008901C1 /* Mode Files */ = {
			isa = PBXGroup;
			children = (
				B68EE2F320BD6E7F008C2FC5 /* EventMode.swift */,
				B60E66D820C36F27008901C1 /* UserMode.swift */,
				B68EE2F920BF5B37008C2FC5 /* HorseMode.swift */,
				B68EE2FB20BF6077008C2FC5 /* StudbookMode.swift */,
				B68EE30120C02AC1008C2FC5 /* YearMode.swift */,
				B60E66DA20C47978008901C1 /* DisciplineMode.swift */,
			);
			path = "Mode Files";
			sourceTree = "<group>";
		};
		B68EE2CB20BD5B0B008C2FC5 = {
			isa = PBXGroup;
			children = (
				B68EE2D620BD5B0B008C2FC5 /* JumpingTracker */,
				B68EE2D520BD5B0B008C2FC5 /* Products */,
				11DC35AA738ECFD2B7940D2A /* Pods */,
				9AD35BE9C3189B103E12BCD6 /* Frameworks */,
			);
			sourceTree = "<group>";
		};
		B68EE2D520BD5B0B008C2FC5 /* Products */ = {
			isa = PBXGroup;
			children = (
				B68EE2D420BD5B0B008C2FC5 /* JumpingTracker.app */,
			);
			name = Products;
			sourceTree = "<group>";
		};
		B68EE2D620BD5B0B008C2FC5 /* JumpingTracker */ = {
			isa = PBXGroup;
			children = (
				B60E66DC20C479C6008901C1 /* Mode Files */,
				B68EE2D720BD5B0B008C2FC5 /* AppDelegate.swift */,
				B68EE2D920BD5B0B008C2FC5 /* HomeViewController.swift */,
				B68EE2DB20BD5B0B008C2FC5 /* EventsViewController.swift */,
				B68EE2FD20BF6165008C2FC5 /* HorsesViewController.swift */,
				B698860A20CB3D07002AFFC1 /* AddFavoriteHorseViewController.swift */,
				B60E66E120C60E94008901C1 /* HorseDetailViewController.swift */,
				B60E66DD20C4A230008901C1 /* DataRequest.swift */,
				B68EE30320C04F60008C2FC5 /* LiveEventsViewController.swift */,
				B68EE2DD20BD5B0C008C2FC5 /* Main.storyboard */,
				B68EE2EC20BD5EA6008C2FC5 /* UIColor+FlatColors.swift */,
				B68EE2EB20BD5EA5008C2FC5 /* UIColor+Hex.swift */,
				B60E66DF20C60715008901C1 /* Horse.swift */,
				B60E66E520C6199C008901C1 /* SearchFooter.swift */,
				B68EE2EF20BD5EBD008C2FC5 /* ConnectionCheck.swift */,
				B68EE2FF20BF64AB008C2FC5 /* HorseTableCells.swift */,
				B68EE2F120BD5FBB008C2FC5 /* EventsTableCells.swift */,
				B68EE30920C34C6E008C2FC5 /* KeychainPasswordItem.swift */,
				B68EE2E020BD5B22008C2FC5 /* Assets.xcassets */,
				B68EE2E220BD5B22008C2FC5 /* LaunchScreen.storyboard */,
				B68EE2E520BD5B23008C2FC5 /* Info.plist */,
				B68EE30720C20C6A008C2FC5 /* Snippets */,
				B698860C20CB6CA6002AFFC1 /* dataModel.xcdatamodeld */,
			);
			path = JumpingTracker;
			sourceTree = "<group>";
		};
/* End PBXGroup section */

/* Begin PBXNativeTarget section */
		B68EE2D320BD5B0B008C2FC5 /* JumpingTracker */ = {
			isa = PBXNativeTarget;
			buildConfigurationList = B68EE2E820BD5B23008C2FC5 /* Build configuration list for PBXNativeTarget "JumpingTracker" */;
			buildPhases = (
				C62022E8C9E0844180147539 /* [CP] Check Pods Manifest.lock */,
				B68EE2D020BD5B0B008C2FC5 /* Sources */,
				B68EE2D120BD5B0B008C2FC5 /* Frameworks */,
				B68EE2D220BD5B0B008C2FC5 /* Resources */,
			);
			buildRules = (
			);
			dependencies = (
			);
			name = JumpingTracker;
			productName = JumpingTracker;
			productReference = B68EE2D420BD5B0B008C2FC5 /* JumpingTracker.app */;
			productType = "com.apple.product-type.application";
		};
/* End PBXNativeTarget section */

/* Begin PBXProject section */
		B68EE2CC20BD5B0B008C2FC5 /* Project object */ = {
			isa = PBXProject;
			attributes = {
				LastSwiftUpdateCheck = 0930;
				LastUpgradeCheck = 0930;
				ORGANIZATIONNAME = "Pieter Stragier";
				TargetAttributes = {
					B68EE2D320BD5B0B008C2FC5 = {
						CreatedOnToolsVersion = 9.3;
					};
				};
			};
			buildConfigurationList = B68EE2CF20BD5B0B008C2FC5 /* Build configuration list for PBXProject "JumpingTracker" */;
			compatibilityVersion = "Xcode 9.3";
			developmentRegion = en;
			hasScannedForEncodings = 0;
			knownRegions = (
				en,
				Base,
			);
			mainGroup = B68EE2CB20BD5B0B008C2FC5;
			productRefGroup = B68EE2D520BD5B0B008C2FC5 /* Products */;
			projectDirPath = "";
			projectRoot = "";
			targets = (
				B68EE2D320BD5B0B008C2FC5 /* JumpingTracker */,
			);
		};
/* End PBXProject section */

/* Begin PBXResourcesBuildPhase section */
		B68EE2D220BD5B0B008C2FC5 /* Resources */ = {
			isa = PBXResourcesBuildPhase;
			buildActionMask = 2147483647;
			files = (
				B68EE2E420BD5B22008C2FC5 /* LaunchScreen.storyboard in Resources */,
				B68EE2E120BD5B22008C2FC5 /* Assets.xcassets in Resources */,
				B68EE30820C20C6A008C2FC5 /* Snippets in Resources */,
				B68EE2DF20BD5B0C008C2FC5 /* Main.storyboard in Resources */,
			);
			runOnlyForDeploymentPostprocessing = 0;
		};
/* End PBXResourcesBuildPhase section */

/* Begin PBXShellScriptBuildPhase section */
		C62022E8C9E0844180147539 /* [CP] Check Pods Manifest.lock */ = {
			isa = PBXShellScriptBuildPhase;
			buildActionMask = 2147483647;
			files = (
			);
			inputPaths = (
				"${PODS_PODFILE_DIR_PATH}/Podfile.lock",
				"${PODS_ROOT}/Manifest.lock",
			);
			name = "[CP] Check Pods Manifest.lock";
			outputPaths = (
				"$(DERIVED_FILE_DIR)/Pods-JumpingTracker-checkManifestLockResult.txt",
			);
			runOnlyForDeploymentPostprocessing = 0;
			shellPath = /bin/sh;
			shellScript = "diff \"${PODS_PODFILE_DIR_PATH}/Podfile.lock\" \"${PODS_ROOT}/Manifest.lock\" > /dev/null\nif [ $? != 0 ] ; then\n    # print error to STDERR\n    echo \"error: The sandbox is not in sync with the Podfile.lock. Run 'pod install' or update your CocoaPods installation.\" >&2\n    exit 1\nfi\n# This output is used by Xcode 'outputs' to avoid re-running this script phase.\necho \"SUCCESS\" > \"${SCRIPT_OUTPUT_FILE_0}\"\n";
			showEnvVarsInLog = 0;
		};
/* End PBXShellScriptBuildPhase section */

/* Begin PBXSourcesBuildPhase section */
		B68EE2D020BD5B0B008C2FC5 /* Sources */ = {
			isa = PBXSourcesBuildPhase;
			buildActionMask = 2147483647;
			files = (
				B68EE2F020BD5EBE008C2FC5 /* ConnectionCheck.swift in Sources */,
				B60E66E220C60E94008901C1 /* HorseDetailViewController.swift in Sources */,
				B68EE30220C02AC1008C2FC5 /* YearMode.swift in Sources */,
				B60E66E020C60715008901C1 /* Horse.swift in Sources */,
				B68EE30420C04F60008C2FC5 /* LiveEventsViewController.swift in Sources */,
				B68EE2F420BD6E7F008C2FC5 /* EventMode.swift in Sources */,
				B68EE2DC20BD5B0B008C2FC5 /* EventsViewController.swift in Sources */,
				B68EE30A20C34C6E008C2FC5 /* KeychainPasswordItem.swift in Sources */,
				B68EE2EE20BD5EA6008C2FC5 /* UIColor+FlatColors.swift in Sources */,
				B698860E20CB6CA6002AFFC1 /* dataModel.xcdatamodeld in Sources */,
				B68EE30020BF64AB008C2FC5 /* HorseTableCells.swift in Sources */,
				B60E66DB20C47978008901C1 /* DisciplineMode.swift in Sources */,
				B60E66DE20C4A230008901C1 /* DataRequest.swift in Sources */,
				B68EE2ED20BD5EA6008C2FC5 /* UIColor+Hex.swift in Sources */,
				B60E66E620C6199D008901C1 /* SearchFooter.swift in Sources */,
				B68EE2F220BD5FBB008C2FC5 /* EventsTableCells.swift in Sources */,
				B68EE2D820BD5B0B008C2FC5 /* AppDelegate.swift in Sources */,
				B68EE2FC20BF6077008C2FC5 /* StudbookMode.swift in Sources */,
				B68EE2FE20BF6165008C2FC5 /* HorsesViewController.swift in Sources */,
				B60E66D920C36F28008901C1 /* UserMode.swift in Sources */,
				B68EE2DA20BD5B0B008C2FC5 /* HomeViewController.swift in Sources */,
				B698860B20CB3D07002AFFC1 /* AddFavoriteHorseViewController.swift in Sources */,
				B68EE2FA20BF5B37008C2FC5 /* HorseMode.swift in Sources */,
			);
			runOnlyForDeploymentPostprocessing = 0;
		};
/* End PBXSourcesBuildPhase section */

/* Begin PBXVariantGroup section */
		B68EE2DD20BD5B0C008C2FC5 /* Main.storyboard */ = {
			isa = PBXVariantGroup;
			children = (
				B68EE2DE20BD5B0C008C2FC5 /* Base */,
			);
			name = Main.storyboard;
			sourceTree = "<group>";
		};
		B68EE2E220BD5B22008C2FC5 /* LaunchScreen.storyboard */ = {
			isa = PBXVariantGroup;
			children = (
				B68EE2E320BD5B22008C2FC5 /* Base */,
			);
			name = LaunchScreen.storyboard;
			sourceTree = "<group>";
		};
/* End PBXVariantGroup section */

/* Begin XCBuildConfiguration section */
		B68EE2E620BD5B23008C2FC5 /* Debug */ = {
			isa = XCBuildConfiguration;
			buildSettings = {
				ALWAYS_SEARCH_USER_PATHS = NO;
				CLANG_ANALYZER_NONNULL = YES;
				CLANG_ANALYZER_NUMBER_OBJECT_CONVERSION = YES_AGGRESSIVE;
				CLANG_CXX_LANGUAGE_STANDARD = "gnu++14";
				CLANG_CXX_LIBRARY = "libc++";
				CLANG_ENABLE_MODULES = YES;
				CLANG_ENABLE_OBJC_ARC = YES;
				CLANG_ENABLE_OBJC_WEAK = YES;
				CLANG_WARN_BLOCK_CAPTURE_AUTORELEASING = YES;
				CLANG_WARN_BOOL_CONVERSION = YES;
				CLANG_WARN_COMMA = YES;
				CLANG_WARN_CONSTANT_CONVERSION = YES;
				CLANG_WARN_DEPRECATED_OBJC_IMPLEMENTATIONS = YES;
				CLANG_WARN_DIRECT_OBJC_ISA_USAGE = YES_ERROR;
				CLANG_WARN_DOCUMENTATION_COMMENTS = YES;
				CLANG_WARN_EMPTY_BODY = YES;
				CLANG_WARN_ENUM_CONVERSION = YES;
				CLANG_WARN_INFINITE_RECURSION = YES;
				CLANG_WARN_INT_CONVERSION = YES;
				CLANG_WARN_NON_LITERAL_NULL_CONVERSION = YES;
				CLANG_WARN_OBJC_IMPLICIT_RETAIN_SELF = YES;
				CLANG_WARN_OBJC_LITERAL_CONVERSION = YES;
				CLANG_WARN_OBJC_ROOT_CLASS = YES_ERROR;
				CLANG_WARN_RANGE_LOOP_ANALYSIS = YES;
				CLANG_WARN_STRICT_PROTOTYPES = YES;
				CLANG_WARN_SUSPICIOUS_MOVE = YES;
				CLANG_WARN_UNGUARDED_AVAILABILITY = YES_AGGRESSIVE;
				CLANG_WARN_UNREACHABLE_CODE = YES;
				CLANG_WARN__DUPLICATE_METHOD_MATCH = YES;
				CODE_SIGN_IDENTITY = "iPhone Developer";
				COPY_PHASE_STRIP = NO;
				DEBUG_INFORMATION_FORMAT = dwarf;
				ENABLE_STRICT_OBJC_MSGSEND = YES;
				ENABLE_TESTABILITY = YES;
				GCC_C_LANGUAGE_STANDARD = gnu11;
				GCC_DYNAMIC_NO_PIC = NO;
				GCC_NO_COMMON_BLOCKS = YES;
				GCC_OPTIMIZATION_LEVEL = fast;
				GCC_PREPROCESSOR_DEFINITIONS = (
					"DEBUG=1",
					"$(inherited)",
				);
				GCC_WARN_64_TO_32_BIT_CONVERSION = YES;
				GCC_WARN_ABOUT_RETURN_TYPE = YES_ERROR;
				GCC_WARN_UNDECLARED_SELECTOR = YES;
				GCC_WARN_UNINITIALIZED_AUTOS = YES_AGGRESSIVE;
				GCC_WARN_UNUSED_FUNCTION = YES;
				GCC_WARN_UNUSED_LABEL = YES;
				GCC_WARN_UNUSED_PARAMETER = YES;
				GCC_WARN_UNUSED_VARIABLE = YES;
				IPHONEOS_DEPLOYMENT_TARGET = 10.0;
				MTL_ENABLE_DEBUG_INFO = YES;
				ONLY_ACTIVE_ARCH = YES;
				SDKROOT = iphoneos;
				SWIFT_ACTIVE_COMPILATION_CONDITIONS = DEBUG;
				SWIFT_OPTIMIZATION_LEVEL = "-O";
			};
			name = Debug;
		};
		B68EE2E720BD5B23008C2FC5 /* Release */ = {
			isa = XCBuildConfiguration;
			buildSettings = {
				ALWAYS_SEARCH_USER_PATHS = NO;
				CLANG_ANALYZER_NONNULL = YES;
				CLANG_ANALYZER_NUMBER_OBJECT_CONVERSION = YES_AGGRESSIVE;
				CLANG_CXX_LANGUAGE_STANDARD = "gnu++14";
				CLANG_CXX_LIBRARY = "libc++";
				CLANG_ENABLE_MODULES = YES;
				CLANG_ENABLE_OBJC_ARC = YES;
				CLANG_ENABLE_OBJC_WEAK = YES;
				CLANG_WARN_BLOCK_CAPTURE_AUTORELEASING = YES;
				CLANG_WARN_BOOL_CONVERSION = YES;
				CLANG_WARN_COMMA = YES;
				CLANG_WARN_CONSTANT_CONVERSION = YES;
				CLANG_WARN_DEPRECATED_OBJC_IMPLEMENTATIONS = YES;
				CLANG_WARN_DIRECT_OBJC_ISA_USAGE = YES_ERROR;
				CLANG_WARN_DOCUMENTATION_COMMENTS = YES;
				CLANG_WARN_EMPTY_BODY = YES;
				CLANG_WARN_ENUM_CONVERSION = YES;
				CLANG_WARN_INFINITE_RECURSION = YES;
				CLANG_WARN_INT_CONVERSION = YES;
				CLANG_WARN_NON_LITERAL_NULL_CONVERSION = YES;
				CLANG_WARN_OBJC_IMPLICIT_RETAIN_SELF = YES;
				CLANG_WARN_OBJC_LITERAL_CONVERSION = YES;
				CLANG_WARN_OBJC_ROOT_CLASS = YES_ERROR;
				CLANG_WARN_RANGE_LOOP_ANALYSIS = YES;
				CLANG_WARN_STRICT_PROTOTYPES = YES;
				CLANG_WARN_SUSPICIOUS_MOVE = YES;
				CLANG_WARN_UNGUARDED_AVAILABILITY = YES_AGGRESSIVE;
				CLANG_WARN_UNREACHABLE_CODE = YES;
				CLANG_WARN__DUPLICATE_METHOD_MATCH = YES;
				CODE_SIGN_IDENTITY = "iPhone Developer";
				COPY_PHASE_STRIP = NO;
				DEBUG_INFORMATION_FORMAT = "dwarf-with-dsym";
				ENABLE_NS_ASSERTIONS = NO;
				ENABLE_STRICT_OBJC_MSGSEND = YES;
				GCC_C_LANGUAGE_STANDARD = gnu11;
				GCC_NO_COMMON_BLOCKS = YES;
				GCC_WARN_64_TO_32_BIT_CONVERSION = YES;
				GCC_WARN_ABOUT_RETURN_TYPE = YES_ERROR;
				GCC_WARN_UNDECLARED_SELECTOR = YES;
				GCC_WARN_UNINITIALIZED_AUTOS = YES_AGGRESSIVE;
				GCC_WARN_UNUSED_FUNCTION = YES;
				GCC_WARN_UNUSED_LABEL = YES;
				GCC_WARN_UNUSED_PARAMETER = YES;
				GCC_WARN_UNUSED_VARIABLE = YES;
				IPHONEOS_DEPLOYMENT_TARGET = 10.0;
				MTL_ENABLE_DEBUG_INFO = NO;
				SDKROOT = iphoneos;
				SWIFT_COMPILATION_MODE = wholemodule;
				SWIFT_OPTIMIZATION_LEVEL = "-O";
				VALIDATE_PRODUCT = YES;
			};
			name = Release;
		};
		B68EE2E920BD5B23008C2FC5 /* Debug */ = {
			isa = XCBuildConfiguration;
			baseConfigurationReference = 72394C6F6C6DAF05D8EDF212 /* Pods-JumpingTracker.debug.xcconfig */;
			buildSettings = {
				ASSETCATALOG_COMPILER_APPICON_NAME = AppIcon;
				CODE_SIGN_STYLE = Automatic;
				DEVELOPMENT_TEAM = HUS279SULR;
				GCC_OPTIMIZATION_LEVEL = 0;
				INFOPLIST_FILE = JumpingTracker/Info.plist;
				IPHONEOS_DEPLOYMENT_TARGET = 10.0;
				LD_RUNPATH_SEARCH_PATHS = (
					"$(inherited)",
					"@executable_path/Frameworks",
				);
				PRODUCT_BUNDLE_IDENTIFIER = "com.PWS-apps.equestrian.JumpingTracker";
				PRODUCT_NAME = "$(TARGET_NAME)";
				SWIFT_OPTIMIZATION_LEVEL = "-Onone";
				SWIFT_VERSION = 4.0;
				TARGETED_DEVICE_FAMILY = "1,2";
			};
			name = Debug;
		};
		B68EE2EA20BD5B23008C2FC5 /* Release */ = {
			isa = XCBuildConfiguration;
			baseConfigurationReference = ECA3DB9B5F8F20F4BD1CAB00 /* Pods-JumpingTracker.release.xcconfig */;
			buildSettings = {
				ASSETCATALOG_COMPILER_APPICON_NAME = AppIcon;
				CODE_SIGN_STYLE = Automatic;
				DEVELOPMENT_TEAM = HUS279SULR;
				GCC_OPTIMIZATION_LEVEL = 0;
				INFOPLIST_FILE = JumpingTracker/Info.plist;
				IPHONEOS_DEPLOYMENT_TARGET = 10.0;
				LD_RUNPATH_SEARCH_PATHS = (
					"$(inherited)",
					"@executable_path/Frameworks",
				);
				PRODUCT_BUNDLE_IDENTIFIER = "com.PWS-apps.equestrian.JumpingTracker";
				PRODUCT_NAME = "$(TARGET_NAME)";
				SWIFT_OPTIMIZATION_LEVEL = "-Onone";
				SWIFT_VERSION = 4.0;
				TARGETED_DEVICE_FAMILY = "1,2";
			};
			name = Release;
		};
/* End XCBuildConfiguration section */

/* Begin XCConfigurationList section */
		B68EE2CF20BD5B0B008C2FC5 /* Build configuration list for PBXProject "JumpingTracker" */ = {
			isa = XCConfigurationList;
			buildConfigurations = (
				B68EE2E620BD5B23008C2FC5 /* Debug */,
				B68EE2E720BD5B23008C2FC5 /* Release */,
			);
			defaultConfigurationIsVisible = 0;
			defaultConfigurationName = Release;
		};
		B68EE2E820BD5B23008C2FC5 /* Build configuration list for PBXNativeTarget "JumpingTracker" */ = {
			isa = XCConfigurationList;
			buildConfigurations = (
				B68EE2E920BD5B23008C2FC5 /* Debug */,
				B68EE2EA20BD5B23008C2FC5 /* Release */,
			);
			defaultConfigurationIsVisible = 0;
			defaultConfigurationName = Release;
		};
/* End XCConfigurationList section */

/* Begin XCVersionGroup section */
		B698860C20CB6CA6002AFFC1 /* dataModel.xcdatamodeld */ = {
			isa = XCVersionGroup;
			children = (
				B698860D20CB6CA6002AFFC1 /* dataModel.xcdatamodel */,
			);
			currentVersion = B698860D20CB6CA6002AFFC1 /* dataModel.xcdatamodel */;
			path = dataModel.xcdatamodeld;
			sourceTree = "<group>";
			versionGroupType = wrapper.xcdatamodel;
		};
/* End XCVersionGroup section */
	};
	rootObject = B68EE2CC20BD5B0B008C2FC5 /* Project object */;
}
